
Microsoft Visual Studio Solution File, Format Version 12.00
Project("{FAE04EC0-301F-11D3-BF4B-00C04F79EFBC}") = "Episode1", "Episode1\Episode1.csproj", "{14D17418-78CA-4944-9E3E-5D4B15876235}"
EndProject
Global
	GlobalSection(SolutionConfigurationPlatforms) = preSolution
		Debug|Any CPU = Debug|Any CPU
		Release|Any CPU = Release|Any CPU
	EndGlobalSection
	GlobalSection(ProjectConfigurationPlatforms) = postSolution
		{14D17418-78CA-4944-9E3E-5D4B15876235}.Debug|Any CPU.ActiveCfg = Debug|Any CPU
		{14D17418-78CA-4944-9E3E-5D4B15876235}.Debug|Any CPU.Build.0 = Debug|Any CPU
		{14D17418-78CA-4944-9E3E-5D4B15876235}.Release|Any CPU.ActiveCfg = Release|Any CPU
		{14D17418-78CA-4944-9E3E-5D4B15876235}.Release|Any CPU.Build.0 = Release|Any CPU
	EndGlobalSection
EndGlobal
